
Microsoft Visual Studio Solution File, Format Version 12.00
# Visual Studio Version 17
VisualStudioVersion = 17.10.35122.118
MinimumVisualStudioVersion = 10.0.40219.1
Project("{FAE04EC0-301F-11D3-BF4B-00C04F79EFBC}") = "ProjectManagement", "ProjectManagement\ProjectManagement.csproj", "{A28F5C5E-ACDA-409E-9D0E-9CBFABCD8269}"
EndProject
Global
	GlobalSection(SolutionConfigurationPlatforms) = preSolution
		Debug|Any CPU = Debug|Any CPU
		Release|Any CPU = Release|Any CPU
	EndGlobalSection
	GlobalSection(ProjectConfigurationPlatforms) = postSolution
		{A28F5C5E-ACDA-409E-9D0E-9CBFABCD8269}.Debug|Any CPU.ActiveCfg = Debug|Any CPU
		{A28F5C5E-ACDA-409E-9D0E-9CBFABCD8269}.Debug|Any CPU.Build.0 = Debug|Any CPU
		{A28F5C5E-ACDA-409E-9D0E-9CBFABCD8269}.Release|Any CPU.ActiveCfg = Release|Any CPU
		{A28F5C5E-ACDA-409E-9D0E-9CBFABCD8269}.Release|Any CPU.Build.0 = Release|Any CPU
	EndGlobalSection
	GlobalSection(SolutionProperties) = preSolution
		HideSolutionNode = FALSE
	EndGlobalSection
	GlobalSection(ExtensibilityGlobals) = postSolution
		SolutionGuid = {440F50F9-7228-4C08-B028-48D392B1ED1F}
	EndGlobalSection
EndGlobal
